{
    "requires": true,
    "lockfileVersion": 1,
    "dependencies": {
        "vue": {
            "version": "2.6.10",
            "resolved": "https://registry.npmjs.org/vue/-/vue-2.6.10.tgz",
            "integrity": "sha512-ImThpeNU9HbdZL3utgMCq0oiMzAkt1mcgy3/E6zWC/G6AaQoeuFdsl9nDhTDU3X1R6FK7nsIUuRACVcjI+A2GQ=="
        },
        "vue-router": {
            "version": "3.0.7",
            "resolved": "https://registry.npmjs.org/vue-router/-/vue-router-3.0.7.tgz",
            "integrity": "sha512-utJ+QR3YlIC/6x6xq17UMXeAfxEvXA0VKD3PiSio7hBOZNusA1jXcbxZxVEfJunLp48oonjTepY8ORoIlRx/EQ=="
        },
        "vuex": {
            "version": "3.1.1",
            "resolved": "https://registry.npmjs.org/vuex/-/vuex-3.1.1.tgz",
            "integrity": "sha512-ER5moSbLZuNSMBFnEBVGhQ1uCBNJslH9W/Dw2W7GZN23UQA69uapP5GTT9Vm8Trc0PzBSVt6LzF3hGjmv41xcg=="
        }
    }
}
